
Microsoft Visual Studio Solution File, Format Version 12.00
# Visual Studio Version 17
VisualStudioVersion = 17.3.32922.545
MinimumVisualStudioVersion = 10.0.40219.1
Project("{8BC9CEB8-8B4A-11D0-8D11-00A0C91BC942}") = "PhysicsExample1", "PhysicsExample1\PhysicsExample1.vcxproj", "{5B93C55D-2133-43C5-8915-F5F1479AE129}"
EndProject
Project("{8BC9CEB8-8B4A-11D0-8D11-00A0C91BC942}") = "PhysicsExample2", "PhysicsExample2\PhysicsExample2.vcxproj", "{7E93CB36-14C3-40B3-9B0D-5E2386DBDF5E}"
EndProject
Project("{8BC9CEB8-8B4A-11D0-8D11-00A0C91BC942}") = "PhysicsExample3", "PhysicsExample3\PhysicsExample3.vcxproj", "{9AAFE44A-9987-48A3-8698-0AB53040C0E5}"
EndProject
Project("{8BC9CEB8-8B4A-11D0-8D11-00A0C91BC942}") = "PhysicsExample4", "PhysicsExample4\PhysicsExample4.vcxproj", "{79F481CB-BCAE-43FD-8EF1-0E047E71BB45}"
EndProject
Project("{8BC9CEB8-8B4A-11D0-8D11-00A0C91BC942}") = "PhysicsExample5", "PhysicsExample5\PhysicsExample5.vcxproj", "{C7391A5C-16BB-4DFD-97E6-CDC32E871967}"
EndProject
Project("{8BC9CEB8-8B4A-11D0-8D11-00A0C91BC942}") = "PhysicsExample6", "PhysicsExample6\PhysicsExample6.vcxproj", "{78E0C6FF-62E5-41C7-B736-CA07C8135D13}"
EndProject
Project("{8BC9CEB8-8B4A-11D0-8D11-00A0C91BC942}") = "PhysicsExample7", "PhysicsExample7\PhysicsExample7.vcxproj", "{16A07933-4F10-4BD7-A52F-9D2976B372D6}"
EndProject
Project("{8BC9CEB8-8B4A-11D0-8D11-00A0C91BC942}") = "PhysicsExample8", "PhysicsExample8\PhysicsExample8.vcxproj", "{9BD1BBB5-EC3A-41F5-8F58-03F4F940B7D4}"
EndProject
Global
	GlobalSection(SolutionConfigurationPlatforms) = preSolution
		Debug|x64 = Debug|x64
		Debug|x86 = Debug|x86
		Release|x64 = Release|x64
		Release|x86 = Release|x86
	EndGlobalSection
	GlobalSection(ProjectConfigurationPlatforms) = postSolution
		{5B93C55D-2133-43C5-8915-F5F1479AE129}.Debug|x64.ActiveCfg = Debug|x64
		{5B93C55D-2133-43C5-8915-F5F1479AE129}.Debug|x64.Build.0 = Debug|x64
		{5B93C55D-2133-43C5-8915-F5F1479AE129}.Debug|x86.ActiveCfg = Debug|Win32
		{5B93C55D-2133-43C5-8915-F5F1479AE129}.Debug|x86.Build.0 = Debug|Win32
		{5B93C55D-2133-43C5-8915-F5F1479AE129}.Release|x64.ActiveCfg = Release|x64
		{5B93C55D-2133-43C5-8915-F5F1479AE129}.Release|x64.Build.0 = Release|x64
		{5B93C55D-2133-43C5-8915-F5F1479AE129}.Release|x86.ActiveCfg = Release|Win32
		{5B93C55D-2133-43C5-8915-F5F1479AE129}.Release|x86.Build.0 = Release|Win32
		{7E93CB36-14C3-40B3-9B0D-5E2386DBDF5E}.Debug|x64.ActiveCfg = Debug|x64
		{7E93CB36-14C3-40B3-9B0D-5E2386DBDF5E}.Debug|x64.Build.0 = Debug|x64
		{7E93CB36-14C3-40B3-9B0D-5E2386DBDF5E}.Debug|x86.ActiveCfg = Debug|Win32
		{7E93CB36-14C3-40B3-9B0D-5E2386DBDF5E}.Debug|x86.Build.0 = Debug|Win32
		{7E93CB36-14C3-40B3-9B0D-5E2386DBDF5E}.Release|x64.ActiveCfg = Release|x64
		{7E93CB36-14C3-40B3-9B0D-5E2386DBDF5E}.Release|x64.Build.0 = Release|x64
		{7E93CB36-14C3-40B3-9B0D-5E2386DBDF5E}.Release|x86.ActiveCfg = Release|Win32
		{7E93CB36-14C3-40B3-9B0D-5E2386DBDF5E}.Release|x86.Build.0 = Release|Win32
		{9AAFE44A-9987-48A3-8698-0AB53040C0E5}.Debug|x64.ActiveCfg = Debug|x64
		{9AAFE44A-9987-48A3-8698-0AB53040C0E5}.Debug|x64.Build.0 = Debug|x64
		{9AAFE44A-9987-48A3-8698-0AB53040C0E5}.Debug|x86.ActiveCfg = Debug|Win32
		{9AAFE44A-9987-48A3-8698-0AB53040C0E5}.Debug|x86.Build.0 = Debug|Win32
		{9AAFE44A-9987-48A3-8698-0AB53040C0E5}.Release|x64.ActiveCfg = Release|x64
		{9AAFE44A-9987-48A3-8698-0AB53040C0E5}.Release|x64.Build.0 = Release|x64
		{9AAFE44A-9987-48A3-8698-0AB53040C0E5}.Release|x86.ActiveCfg = Release|Win32
		{9AAFE44A-9987-48A3-8698-0AB53040C0E5}.Release|x86.Build.0 = Release|Win32
		{79F481CB-BCAE-43FD-8EF1-0E047E71BB45}.Debug|x64.ActiveCfg = Debug|x64
		{79F481CB-BCAE-43FD-8EF1-0E047E71BB45}.Debug|x64.Build.0 = Debug|x64
		{79F481CB-BCAE-43FD-8EF1-0E047E71BB45}.Debug|x86.ActiveCfg = Debug|Win32
		{79F481CB-BCAE-43FD-8EF1-0E047E71BB45}.Debug|x86.Build.0 = Debug|Win32
		{79F481CB-BCAE-43FD-8EF1-0E047E71BB45}.Release|x64.ActiveCfg = Release|x64
		{79F481CB-BCAE-43FD-8EF1-0E047E71BB45}.Release|x64.Build.0 = Release|x64
		{79F481CB-BCAE-43FD-8EF1-0E047E71BB45}.Release|x86.ActiveCfg = Release|Win32
		{79F481CB-BCAE-43FD-8EF1-0E047E71BB45}.Release|x86.Build.0 = Release|Win32
		{C7391A5C-16BB-4DFD-97E6-CDC32E871967}.Debug|x64.ActiveCfg = Debug|x64
		{C7391A5C-16BB-4DFD-97E6-CDC32E871967}.Debug|x64.Build.0 = Debug|x64
		{C7391A5C-16BB-4DFD-97E6-CDC32E871967}.Debug|x86.ActiveCfg = Debug|Win32
		{C7391A5C-16BB-4DFD-97E6-CDC32E871967}.Debug|x86.Build.0 = Debug|Win32
		{C7391A5C-16BB-4DFD-97E6-CDC32E871967}.Release|x64.ActiveCfg = Release|x64
		{C7391A5C-16BB-4DFD-97E6-CDC32E871967}.Release|x64.Build.0 = Release|x64
		{C7391A5C-16BB-4DFD-97E6-CDC32E871967}.Release|x86.ActiveCfg = Release|Win32
		{C7391A5C-16BB-4DFD-97E6-CDC32E871967}.Release|x86.Build.0 = Release|Win32
		{78E0C6FF-62E5-41C7-B736-CA07C8135D13}.Debug|x64.ActiveCfg = Debug|x64
		{78E0C6FF-62E5-41C7-B736-CA07C8135D13}.Debug|x64.Build.0 = Debug|x64
		{78E0C6FF-62E5-41C7-B736-CA07C8135D13}.Debug|x86.ActiveCfg = Debug|Win32
		{78E0C6FF-62E5-41C7-B736-CA07C8135D13}.Debug|x86.Build.0 = Debug|Win32
		{78E0C6FF-62E5-41C7-B736-CA07C8135D13}.Release|x64.ActiveCfg = Release|x64
		{78E0C6FF-62E5-41C7-B736-CA07C8135D13}.Release|x64.Build.0 = Release|x64
		{78E0C6FF-62E5-41C7-B736-CA07C8135D13}.Release|x86.ActiveCfg = Release|Win32
		{78E0C6FF-62E5-41C7-B736-CA07C8135D13}.Release|x86.Build.0 = Release|Win32
		{16A07933-4F10-4BD7-A52F-9D2976B372D6}.Debug|x64.ActiveCfg = Debug|x64
		{16A07933-4F10-4BD7-A52F-9D2976B372D6}.Debug|x64.Build.0 = Debug|x64
		{16A07933-4F10-4BD7-A52F-9D2976B372D6}.Debug|x86.ActiveCfg = Debug|Win32
		{16A07933-4F10-4BD7-A52F-9D2976B372D6}.Debug|x86.Build.0 = Debug|Win32
		{16A07933-4F10-4BD7-A52F-9D2976B372D6}.Release|x64.ActiveCfg = Release|x64
		{16A07933-4F10-4BD7-A52F-9D2976B372D6}.Release|x64.Build.0 = Release|x64
		{16A07933-4F10-4BD7-A52F-9D2976B372D6}.Release|x86.ActiveCfg = Release|Win32
		{16A07933-4F10-4BD7-A52F-9D2976B372D6}.Release|x86.Build.0 = Release|Win32
		{9BD1BBB5-EC3A-41F5-8F58-03F4F940B7D4}.Debug|x64.ActiveCfg = Debug|x64
		{9BD1BBB5-EC3A-41F5-8F58-03F4F940B7D4}.Debug|x64.Build.0 = Debug|x64
		{9BD1BBB5-EC3A-41F5-8F58-03F4F940B7D4}.Debug|x86.ActiveCfg = Debug|Win32
		{9BD1BBB5-EC3A-41F5-8F58-03F4F940B7D4}.Debug|x86.Build.0 = Debug|Win32
		{9BD1BBB5-EC3A-41F5-8F58-03F4F940B7D4}.Release|x64.ActiveCfg = Release|x64
		{9BD1BBB5-EC3A-41F5-8F58-03F4F940B7D4}.Release|x64.Build.0 = Release|x64
		{9BD1BBB5-EC3A-41F5-8F58-03F4F940B7D4}.Release|x86.ActiveCfg = Release|Win32
		{9BD1BBB5-EC3A-41F5-8F58-03F4F940B7D4}.Release|x86.Build.0 = Release|Win32
	EndGlobalSection
	GlobalSection(SolutionProperties) = preSolution
		HideSolutionNode = FALSE
	EndGlobalSection
	GlobalSection(ExtensibilityGlobals) = postSolution
		SolutionGuid = {0D5F68C7-682C-4355-AF7B-61A7971B0EAF}
	EndGlobalSection
EndGlobal
